// !$*UTF8*$!
{
	archiveVersion = 1;
	classes = {
	};
	objectVersion = 55;
	objects = {

/* Begin PBXBuildFile section */
		212E5CDA2853173700E10FF4 /* CardDeckView.swift in Sources */ = {isa = PBXBuildFile; fileRef = 212E5CD92853173700E10FF4 /* CardDeckView.swift */; };
		212E5CDC285317B200E10FF4 /* CardZoneView.swift in Sources */ = {isa = PBXBuildFile; fileRef = 212E5CDB285317B200E10FF4 /* CardZoneView.swift */; };
		212E5CDE2853181000E10FF4 /* TestGestureView.swift in Sources */ = {isa = PBXBuildFile; fileRef = 212E5CDD2853181000E10FF4 /* TestGestureView.swift */; };
		212E5CE02853193100E10FF4 /* TempCardView.swift in Sources */ = {isa = PBXBuildFile; fileRef = 212E5CDF2853193100E10FF4 /* TempCardView.swift */; };
		212E5CE22853280400E10FF4 /* MeetingRoomView.swift in Sources */ = {isa = PBXBuildFile; fileRef = 212E5CE12853280400E10FF4 /* MeetingRoomView.swift */; };
		21D2547B2852D21100E3EADC /* TestCardView.swift in Sources */ = {isa = PBXBuildFile; fileRef = 21D2547A2852D21100E3EADC /* TestCardView.swift */; };
		F29BECD82852154C005B4A1B /* HomeView.swift in Sources */ = {isa = PBXBuildFile; fileRef = F29BECD72852154C005B4A1B /* HomeView.swift */; };
		7BC5EFAE2851DD74004A27B5 /* HomeView.swift in Sources */ = {isa = PBXBuildFile; fileRef = 7BC5EFAD2851DD74004A27B5 /* HomeView.swift */; };
		7BC5EFB02851E5C0004A27B5 /* Colors.xcassets in Resources */ = {isa = PBXBuildFile; fileRef = 7BC5EFAF2851E5C0004A27B5 /* Colors.xcassets */; };
		7BC5EFB22851ECC5004A27B5 /* ColorExtension.swift in Sources */ = {isa = PBXBuildFile; fileRef = 7BC5EFB12851ECC5004A27B5 /* ColorExtension.swift */; };
		F29BECE6285217A9005B4A1B /* Pretendard-Medium.otf in Resources */ = {isa = PBXBuildFile; fileRef = F29BECDD285217A8005B4A1B /* Pretendard-Medium.otf */; };
		F29BECE7285217A9005B4A1B /* Pretendard-Thin.otf in Resources */ = {isa = PBXBuildFile; fileRef = F29BECDE285217A8005B4A1B /* Pretendard-Thin.otf */; };
		F29BECE8285217A9005B4A1B /* Pretendard-Light.otf in Resources */ = {isa = PBXBuildFile; fileRef = F29BECDF285217A8005B4A1B /* Pretendard-Light.otf */; };
		F29BECE9285217A9005B4A1B /* Pretendard-SemiBold.otf in Resources */ = {isa = PBXBuildFile; fileRef = F29BECE0285217A8005B4A1B /* Pretendard-SemiBold.otf */; };
		F29BECEA285217A9005B4A1B /* Pretendard-ExtraBold.otf in Resources */ = {isa = PBXBuildFile; fileRef = F29BECE1285217A8005B4A1B /* Pretendard-ExtraBold.otf */; };
		F29BECEB285217A9005B4A1B /* Pretendard-Black.otf in Resources */ = {isa = PBXBuildFile; fileRef = F29BECE2285217A8005B4A1B /* Pretendard-Black.otf */; };
		F29BECEC285217A9005B4A1B /* Pretendard-Regular.otf in Resources */ = {isa = PBXBuildFile; fileRef = F29BECE3285217A8005B4A1B /* Pretendard-Regular.otf */; };
		F29BECED285217A9005B4A1B /* Pretendard-ExtraLight.otf in Resources */ = {isa = PBXBuildFile; fileRef = F29BECE4285217A9005B4A1B /* Pretendard-ExtraLight.otf */; };
		F29BECEE285217A9005B4A1B /* Pretendard-Bold.otf in Resources */ = {isa = PBXBuildFile; fileRef = F29BECE5285217A9005B4A1B /* Pretendard-Bold.otf */; };
		F2D707B82849BA6C00DA86FD /* TeamOXYApp.swift in Sources */ = {isa = PBXBuildFile; fileRef = F2D707B72849BA6C00DA86FD /* TeamOXYApp.swift */; };
		F2D707BC2849BA6D00DA86FD /* Assets.xcassets in Resources */ = {isa = PBXBuildFile; fileRef = F2D707BB2849BA6D00DA86FD /* Assets.xcassets */; };
		F2D707BF2849BA6D00DA86FD /* Preview Assets.xcassets in Resources */ = {isa = PBXBuildFile; fileRef = F2D707BE2849BA6D00DA86FD /* Preview Assets.xcassets */; };
/* End PBXBuildFile section */

/* Begin PBXFileReference section */
		212E5CD92853173700E10FF4 /* CardDeckView.swift */ = {isa = PBXFileReference; lastKnownFileType = sourcecode.swift; path = CardDeckView.swift; sourceTree = "<group>"; };
		212E5CDB285317B200E10FF4 /* CardZoneView.swift */ = {isa = PBXFileReference; lastKnownFileType = sourcecode.swift; path = CardZoneView.swift; sourceTree = "<group>"; };
		212E5CDD2853181000E10FF4 /* TestGestureView.swift */ = {isa = PBXFileReference; lastKnownFileType = sourcecode.swift; path = TestGestureView.swift; sourceTree = "<group>"; };
		212E5CDF2853193100E10FF4 /* TempCardView.swift */ = {isa = PBXFileReference; lastKnownFileType = sourcecode.swift; path = TempCardView.swift; sourceTree = "<group>"; };
		212E5CE12853280400E10FF4 /* MeetingRoomView.swift */ = {isa = PBXFileReference; lastKnownFileType = sourcecode.swift; path = MeetingRoomView.swift; sourceTree = "<group>"; };
		21D2547A2852D21100E3EADC /* TestCardView.swift */ = {isa = PBXFileReference; lastKnownFileType = sourcecode.swift; path = TestCardView.swift; sourceTree = "<group>"; };
		F29BECD72852154C005B4A1B /* HomeView.swift */ = {isa = PBXFileReference; lastKnownFileType = sourcecode.swift; path = HomeView.swift; sourceTree = "<group>"; };
		7BC5EFAD2851DD74004A27B5 /* HomeView.swift */ = {isa = PBXFileReference; lastKnownFileType = sourcecode.swift; path = HomeView.swift; sourceTree = SOURCE_ROOT; };
		7BC5EFAF2851E5C0004A27B5 /* Colors.xcassets */ = {isa = PBXFileReference; lastKnownFileType = folder.assetcatalog; path = Colors.xcassets; sourceTree = "<group>"; };
		7BC5EFB12851ECC5004A27B5 /* ColorExtension.swift */ = {isa = PBXFileReference; lastKnownFileType = sourcecode.swift; name = ColorExtension.swift; path = TeamOXY/Extensions/ColorExtension.swift; sourceTree = SOURCE_ROOT; };
		F29BECDD285217A8005B4A1B /* Pretendard-Medium.otf */ = {isa = PBXFileReference; lastKnownFileType = file; path = "Pretendard-Medium.otf"; sourceTree = "<group>"; };
		F29BECDE285217A8005B4A1B /* Pretendard-Thin.otf */ = {isa = PBXFileReference; lastKnownFileType = file; path = "Pretendard-Thin.otf"; sourceTree = "<group>"; };
		F29BECDF285217A8005B4A1B /* Pretendard-Light.otf */ = {isa = PBXFileReference; lastKnownFileType = file; path = "Pretendard-Light.otf"; sourceTree = "<group>"; };
		F29BECE0285217A8005B4A1B /* Pretendard-SemiBold.otf */ = {isa = PBXFileReference; lastKnownFileType = file; path = "Pretendard-SemiBold.otf"; sourceTree = "<group>"; };
		F29BECE1285217A8005B4A1B /* Pretendard-ExtraBold.otf */ = {isa = PBXFileReference; lastKnownFileType = file; path = "Pretendard-ExtraBold.otf"; sourceTree = "<group>"; };
		F29BECE2285217A8005B4A1B /* Pretendard-Black.otf */ = {isa = PBXFileReference; lastKnownFileType = file; path = "Pretendard-Black.otf"; sourceTree = "<group>"; };
		F29BECE3285217A8005B4A1B /* Pretendard-Regular.otf */ = {isa = PBXFileReference; lastKnownFileType = file; path = "Pretendard-Regular.otf"; sourceTree = "<group>"; };
		F29BECE4285217A9005B4A1B /* Pretendard-ExtraLight.otf */ = {isa = PBXFileReference; lastKnownFileType = file; path = "Pretendard-ExtraLight.otf"; sourceTree = "<group>"; };
		F29BECE5285217A9005B4A1B /* Pretendard-Bold.otf */ = {isa = PBXFileReference; lastKnownFileType = file; path = "Pretendard-Bold.otf"; sourceTree = "<group>"; };
		F29BECF12852181A005B4A1B /* Info.plist */ = {isa = PBXFileReference; lastKnownFileType = text.plist; path = Info.plist; sourceTree = "<group>"; };
		F2D707B42849BA6C00DA86FD /* TeamOXY.app */ = {isa = PBXFileReference; explicitFileType = wrapper.application; includeInIndex = 0; path = TeamOXY.app; sourceTree = BUILT_PRODUCTS_DIR; };
		F2D707B72849BA6C00DA86FD /* TeamOXYApp.swift */ = {isa = PBXFileReference; lastKnownFileType = sourcecode.swift; path = TeamOXYApp.swift; sourceTree = "<group>"; };
		F2D707BB2849BA6D00DA86FD /* Assets.xcassets */ = {isa = PBXFileReference; lastKnownFileType = folder.assetcatalog; path = Assets.xcassets; sourceTree = "<group>"; };
		F2D707BE2849BA6D00DA86FD /* Preview Assets.xcassets */ = {isa = PBXFileReference; lastKnownFileType = folder.assetcatalog; path = "Preview Assets.xcassets"; sourceTree = "<group>"; };
/* End PBXFileReference section */

/* Begin PBXFrameworksBuildPhase section */
		F2D707B12849BA6C00DA86FD /* Frameworks */ = {
			isa = PBXFrameworksBuildPhase;
			buildActionMask = 2147483647;
			files = (
			);
			runOnlyForDeploymentPostprocessing = 0;
		};
/* End PBXFrameworksBuildPhase section */

/* Begin PBXGroup section */
		F29BECD42852152F005B4A1B /* Constants */ = {
			isa = PBXGroup;
			children = (
			);
			path = Constants;
			sourceTree = "<group>";
		};
		F29BECD528521538005B4A1B /* Extensions */ = {
			isa = PBXGroup;
			children = (
				7BC5EFB12851ECC5004A27B5 /* ColorExtension.swift */,
			);
			path = Extensions;
			sourceTree = "<group>";
		};
		F29BECD628521540005B4A1B /* View */ = {
			isa = PBXGroup;
			children = (
				F29BECD72852154C005B4A1B /* HomeView.swift */,
				21D2547A2852D21100E3EADC /* TestCardView.swift */,
				212E5CD92853173700E10FF4 /* CardDeckView.swift */,
				212E5CDB285317B200E10FF4 /* CardZoneView.swift */,
				212E5CDD2853181000E10FF4 /* TestGestureView.swift */,
				212E5CDF2853193100E10FF4 /* TempCardView.swift */,
				212E5CE12853280400E10FF4 /* MeetingRoomView.swift */,
				7BC5EFAD2851DD74004A27B5 /* HomeView.swift */,
			);
			path = View;
			sourceTree = "<group>";
		};
		F29BECD928521550005B4A1B /* Model */ = {
			isa = PBXGroup;
			children = (
			);
			path = Model;
			sourceTree = "<group>";
		};
		F29BECDA28521558005B4A1B /* ViewModel */ = {
			isa = PBXGroup;
			children = (
			);
			path = ViewModel;
			sourceTree = "<group>";
		};
		F29BECDB28521713005B4A1B /* Fonts */ = {
			isa = PBXGroup;
			children = (
				F29BECE2285217A8005B4A1B /* Pretendard-Black.otf */,
				F29BECE5285217A9005B4A1B /* Pretendard-Bold.otf */,
				F29BECE1285217A8005B4A1B /* Pretendard-ExtraBold.otf */,
				F29BECE4285217A9005B4A1B /* Pretendard-ExtraLight.otf */,
				F29BECDF285217A8005B4A1B /* Pretendard-Light.otf */,
				F29BECDD285217A8005B4A1B /* Pretendard-Medium.otf */,
				F29BECE3285217A8005B4A1B /* Pretendard-Regular.otf */,
				F29BECE0285217A8005B4A1B /* Pretendard-SemiBold.otf */,
				F29BECDE285217A8005B4A1B /* Pretendard-Thin.otf */,
			);
			path = Fonts;
			sourceTree = "<group>";
		};
		F2D707AB2849BA6C00DA86FD = {
			isa = PBXGroup;
			children = (
				F2D707B62849BA6C00DA86FD /* TeamOXY */,
				F2D707B52849BA6C00DA86FD /* Products */,
			);
			sourceTree = "<group>";
		};
		F2D707B52849BA6C00DA86FD /* Products */ = {
			isa = PBXGroup;
			children = (
				F2D707B42849BA6C00DA86FD /* TeamOXY.app */,
			);
			name = Products;
			sourceTree = "<group>";
		};
		F2D707B62849BA6C00DA86FD /* TeamOXY */ = {
			isa = PBXGroup;
			children = (
				F29BECF12852181A005B4A1B /* Info.plist */,
				F29BECDB28521713005B4A1B /* Fonts */,
				F29BECDA28521558005B4A1B /* ViewModel */,
				F29BECD928521550005B4A1B /* Model */,
				F29BECD628521540005B4A1B /* View */,
				F29BECD528521538005B4A1B /* Extensions */,
				F29BECD42852152F005B4A1B /* Constants */,
				F2D707B72849BA6C00DA86FD /* TeamOXYApp.swift */,
				F2D707BB2849BA6D00DA86FD /* Assets.xcassets */,
				7BC5EFAF2851E5C0004A27B5 /* Colors.xcassets */,
				F2D707BD2849BA6D00DA86FD /* Preview Content */,
			);
			path = TeamOXY;
			sourceTree = "<group>";
		};
		F2D707BD2849BA6D00DA86FD /* Preview Content */ = {
			isa = PBXGroup;
			children = (
				F2D707BE2849BA6D00DA86FD /* Preview Assets.xcassets */,
			);
			path = "Preview Content";
			sourceTree = "<group>";
		};
/* End PBXGroup section */

/* Begin PBXNativeTarget section */
		F2D707B32849BA6C00DA86FD /* TeamOXY */ = {
			isa = PBXNativeTarget;
			buildConfigurationList = F2D707C22849BA6D00DA86FD /* Build configuration list for PBXNativeTarget "TeamOXY" */;
			buildPhases = (
				F2D707B02849BA6C00DA86FD /* Sources */,
				F2D707B12849BA6C00DA86FD /* Frameworks */,
				F2D707B22849BA6C00DA86FD /* Resources */,
			);
			buildRules = (
			);
			dependencies = (
			);
			name = TeamOXY;
			productName = TeamOXY;
			productReference = F2D707B42849BA6C00DA86FD /* TeamOXY.app */;
			productType = "com.apple.product-type.application";
		};
/* End PBXNativeTarget section */

/* Begin PBXProject section */
		F2D707AC2849BA6C00DA86FD /* Project object */ = {
			isa = PBXProject;
			attributes = {
				BuildIndependentTargetsInParallel = 1;
				LastSwiftUpdateCheck = 1340;
				LastUpgradeCheck = 1340;
				TargetAttributes = {
					F2D707B32849BA6C00DA86FD = {
						CreatedOnToolsVersion = 13.4;
					};
				};
			};
			buildConfigurationList = F2D707AF2849BA6C00DA86FD /* Build configuration list for PBXProject "TeamOXY" */;
			compatibilityVersion = "Xcode 13.0";
			developmentRegion = en;
			hasScannedForEncodings = 0;
			knownRegions = (
				en,
				Base,
			);
			mainGroup = F2D707AB2849BA6C00DA86FD;
			productRefGroup = F2D707B52849BA6C00DA86FD /* Products */;
			projectDirPath = "";
			projectRoot = "";
			targets = (
				F2D707B32849BA6C00DA86FD /* TeamOXY */,
			);
		};
/* End PBXProject section */

/* Begin PBXResourcesBuildPhase section */
		F2D707B22849BA6C00DA86FD /* Resources */ = {
			isa = PBXResourcesBuildPhase;
			buildActionMask = 2147483647;
			files = (
				7BC5EFB02851E5C0004A27B5 /* Colors.xcassets in Resources */,
				F29BECEE285217A9005B4A1B /* Pretendard-Bold.otf in Resources */,
				F2D707BF2849BA6D00DA86FD /* Preview Assets.xcassets in Resources */,
				F2D707BC2849BA6D00DA86FD /* Assets.xcassets in Resources */,
				F29BECED285217A9005B4A1B /* Pretendard-ExtraLight.otf in Resources */,
				F29BECEA285217A9005B4A1B /* Pretendard-ExtraBold.otf in Resources */,
				F29BECE6285217A9005B4A1B /* Pretendard-Medium.otf in Resources */,
				F29BECEC285217A9005B4A1B /* Pretendard-Regular.otf in Resources */,
				F29BECE9285217A9005B4A1B /* Pretendard-SemiBold.otf in Resources */,
				F29BECE8285217A9005B4A1B /* Pretendard-Light.otf in Resources */,
				F29BECEB285217A9005B4A1B /* Pretendard-Black.otf in Resources */,
				F29BECE7285217A9005B4A1B /* Pretendard-Thin.otf in Resources */,
			);
			runOnlyForDeploymentPostprocessing = 0;
		};
/* End PBXResourcesBuildPhase section */

/* Begin PBXSourcesBuildPhase section */
		F2D707B02849BA6C00DA86FD /* Sources */ = {
			isa = PBXSourcesBuildPhase;
			buildActionMask = 2147483647;
			files = (
				212E5CE02853193100E10FF4 /* TempCardView.swift in Sources */,
				212E5CE22853280400E10FF4 /* MeetingRoomView.swift in Sources */,
				F29BECD82852154C005B4A1B /* HomeView.swift in Sources */,
				212E5CDA2853173700E10FF4 /* CardDeckView.swift in Sources */,
				212E5CDE2853181000E10FF4 /* TestGestureView.swift in Sources */,
				212E5CDC285317B200E10FF4 /* CardZoneView.swift in Sources */,
				21D2547B2852D21100E3EADC /* TestCardView.swift in Sources */,
				7BC5EFAE2851DD74004A27B5 /* HomeView.swift in Sources */,
				F2D707B82849BA6C00DA86FD /* TeamOXYApp.swift in Sources */,
				7BC5EFB22851ECC5004A27B5 /* ColorExtension.swift in Sources */,
			);
			runOnlyForDeploymentPostprocessing = 0;
		};
/* End PBXSourcesBuildPhase section */

/* Begin XCBuildConfiguration section */
		F2D707C02849BA6D00DA86FD /* Debug */ = {
			isa = XCBuildConfiguration;
			buildSettings = {
				ALWAYS_SEARCH_USER_PATHS = NO;
				CLANG_ANALYZER_NONNULL = YES;
				CLANG_ANALYZER_NUMBER_OBJECT_CONVERSION = YES_AGGRESSIVE;
				CLANG_CXX_LANGUAGE_STANDARD = "gnu++17";
				CLANG_ENABLE_MODULES = YES;
				CLANG_ENABLE_OBJC_ARC = YES;
				CLANG_ENABLE_OBJC_WEAK = YES;
				CLANG_WARN_BLOCK_CAPTURE_AUTORELEASING = YES;
				CLANG_WARN_BOOL_CONVERSION = YES;
				CLANG_WARN_COMMA = YES;
				CLANG_WARN_CONSTANT_CONVERSION = YES;
				CLANG_WARN_DEPRECATED_OBJC_IMPLEMENTATIONS = YES;
				CLANG_WARN_DIRECT_OBJC_ISA_USAGE = YES_ERROR;
				CLANG_WARN_DOCUMENTATION_COMMENTS = YES;
				CLANG_WARN_EMPTY_BODY = YES;
				CLANG_WARN_ENUM_CONVERSION = YES;
				CLANG_WARN_INFINITE_RECURSION = YES;
				CLANG_WARN_INT_CONVERSION = YES;
				CLANG_WARN_NON_LITERAL_NULL_CONVERSION = YES;
				CLANG_WARN_OBJC_IMPLICIT_RETAIN_SELF = YES;
				CLANG_WARN_OBJC_LITERAL_CONVERSION = YES;
				CLANG_WARN_OBJC_ROOT_CLASS = YES_ERROR;
				CLANG_WARN_QUOTED_INCLUDE_IN_FRAMEWORK_HEADER = YES;
				CLANG_WARN_RANGE_LOOP_ANALYSIS = YES;
				CLANG_WARN_STRICT_PROTOTYPES = YES;
				CLANG_WARN_SUSPICIOUS_MOVE = YES;
				CLANG_WARN_UNGUARDED_AVAILABILITY = YES_AGGRESSIVE;
				CLANG_WARN_UNREACHABLE_CODE = YES;
				CLANG_WARN__DUPLICATE_METHOD_MATCH = YES;
				COPY_PHASE_STRIP = NO;
				DEBUG_INFORMATION_FORMAT = dwarf;
				ENABLE_STRICT_OBJC_MSGSEND = YES;
				ENABLE_TESTABILITY = YES;
				GCC_C_LANGUAGE_STANDARD = gnu11;
				GCC_DYNAMIC_NO_PIC = NO;
				GCC_NO_COMMON_BLOCKS = YES;
				GCC_OPTIMIZATION_LEVEL = 0;
				GCC_PREPROCESSOR_DEFINITIONS = (
					"DEBUG=1",
					"$(inherited)",
				);
				GCC_WARN_64_TO_32_BIT_CONVERSION = YES;
				GCC_WARN_ABOUT_RETURN_TYPE = YES_ERROR;
				GCC_WARN_UNDECLARED_SELECTOR = YES;
				GCC_WARN_UNINITIALIZED_AUTOS = YES_AGGRESSIVE;
				GCC_WARN_UNUSED_FUNCTION = YES;
				GCC_WARN_UNUSED_VARIABLE = YES;
				IPHONEOS_DEPLOYMENT_TARGET = 15.4;
				MTL_ENABLE_DEBUG_INFO = INCLUDE_SOURCE;
				MTL_FAST_MATH = YES;
				ONLY_ACTIVE_ARCH = YES;
				SDKROOT = iphoneos;
				SWIFT_ACTIVE_COMPILATION_CONDITIONS = DEBUG;
				SWIFT_OPTIMIZATION_LEVEL = "-Onone";
			};
			name = Debug;
		};
		F2D707C12849BA6D00DA86FD /* Release */ = {
			isa = XCBuildConfiguration;
			buildSettings = {
				ALWAYS_SEARCH_USER_PATHS = NO;
				CLANG_ANALYZER_NONNULL = YES;
				CLANG_ANALYZER_NUMBER_OBJECT_CONVERSION = YES_AGGRESSIVE;
				CLANG_CXX_LANGUAGE_STANDARD = "gnu++17";
				CLANG_ENABLE_MODULES = YES;
				CLANG_ENABLE_OBJC_ARC = YES;
				CLANG_ENABLE_OBJC_WEAK = YES;
				CLANG_WARN_BLOCK_CAPTURE_AUTORELEASING = YES;
				CLANG_WARN_BOOL_CONVERSION = YES;
				CLANG_WARN_COMMA = YES;
				CLANG_WARN_CONSTANT_CONVERSION = YES;
				CLANG_WARN_DEPRECATED_OBJC_IMPLEMENTATIONS = YES;
				CLANG_WARN_DIRECT_OBJC_ISA_USAGE = YES_ERROR;
				CLANG_WARN_DOCUMENTATION_COMMENTS = YES;
				CLANG_WARN_EMPTY_BODY = YES;
				CLANG_WARN_ENUM_CONVERSION = YES;
				CLANG_WARN_INFINITE_RECURSION = YES;
				CLANG_WARN_INT_CONVERSION = YES;
				CLANG_WARN_NON_LITERAL_NULL_CONVERSION = YES;
				CLANG_WARN_OBJC_IMPLICIT_RETAIN_SELF = YES;
				CLANG_WARN_OBJC_LITERAL_CONVERSION = YES;
				CLANG_WARN_OBJC_ROOT_CLASS = YES_ERROR;
				CLANG_WARN_QUOTED_INCLUDE_IN_FRAMEWORK_HEADER = YES;
				CLANG_WARN_RANGE_LOOP_ANALYSIS = YES;
				CLANG_WARN_STRICT_PROTOTYPES = YES;
				CLANG_WARN_SUSPICIOUS_MOVE = YES;
				CLANG_WARN_UNGUARDED_AVAILABILITY = YES_AGGRESSIVE;
				CLANG_WARN_UNREACHABLE_CODE = YES;
				CLANG_WARN__DUPLICATE_METHOD_MATCH = YES;
				COPY_PHASE_STRIP = NO;
				DEBUG_INFORMATION_FORMAT = "dwarf-with-dsym";
				ENABLE_NS_ASSERTIONS = NO;
				ENABLE_STRICT_OBJC_MSGSEND = YES;
				GCC_C_LANGUAGE_STANDARD = gnu11;
				GCC_NO_COMMON_BLOCKS = YES;
				GCC_WARN_64_TO_32_BIT_CONVERSION = YES;
				GCC_WARN_ABOUT_RETURN_TYPE = YES_ERROR;
				GCC_WARN_UNDECLARED_SELECTOR = YES;
				GCC_WARN_UNINITIALIZED_AUTOS = YES_AGGRESSIVE;
				GCC_WARN_UNUSED_FUNCTION = YES;
				GCC_WARN_UNUSED_VARIABLE = YES;
				IPHONEOS_DEPLOYMENT_TARGET = 15.4;
				MTL_ENABLE_DEBUG_INFO = NO;
				MTL_FAST_MATH = YES;
				SDKROOT = iphoneos;
				SWIFT_COMPILATION_MODE = wholemodule;
				SWIFT_OPTIMIZATION_LEVEL = "-O";
				VALIDATE_PRODUCT = YES;
			};
			name = Release;
		};
		F2D707C32849BA6D00DA86FD /* Debug */ = {
			isa = XCBuildConfiguration;
			buildSettings = {
				ASSETCATALOG_COMPILER_APPICON_NAME = AppIcon;
				ASSETCATALOG_COMPILER_GLOBAL_ACCENT_COLOR_NAME = AccentColor;
				CODE_SIGN_STYLE = Automatic;
				CURRENT_PROJECT_VERSION = 1;
				DEVELOPMENT_ASSET_PATHS = "\"TeamOXY/Preview Content\"";
				DEVELOPMENT_TEAM = G3PA8G576S;
				ENABLE_PREVIEWS = YES;
				GENERATE_INFOPLIST_FILE = YES;
				INFOPLIST_FILE = TeamOXY/Info.plist;
				INFOPLIST_KEY_UIApplicationSceneManifest_Generation = YES;
				INFOPLIST_KEY_UIApplicationSupportsIndirectInputEvents = YES;
				INFOPLIST_KEY_UILaunchScreen_Generation = YES;
				INFOPLIST_KEY_UISupportedInterfaceOrientations_iPad = "UIInterfaceOrientationPortrait UIInterfaceOrientationPortraitUpsideDown UIInterfaceOrientationLandscapeLeft UIInterfaceOrientationLandscapeRight";
				INFOPLIST_KEY_UISupportedInterfaceOrientations_iPhone = "UIInterfaceOrientationPortrait UIInterfaceOrientationLandscapeLeft UIInterfaceOrientationLandscapeRight";
				LD_RUNPATH_SEARCH_PATHS = (
					"$(inherited)",
					"@executable_path/Frameworks",
				);
				MARKETING_VERSION = 1.0;
				PRODUCT_BUNDLE_IDENTIFIER = com.ekko.TeamOXY;
				PRODUCT_NAME = "$(TARGET_NAME)";
				SWIFT_EMIT_LOC_STRINGS = YES;
				SWIFT_VERSION = 5.0;
				TARGETED_DEVICE_FAMILY = "1,2";
			};
			name = Debug;
		};
		F2D707C42849BA6D00DA86FD /* Release */ = {
			isa = XCBuildConfiguration;
			buildSettings = {
				ASSETCATALOG_COMPILER_APPICON_NAME = AppIcon;
				ASSETCATALOG_COMPILER_GLOBAL_ACCENT_COLOR_NAME = AccentColor;
				CODE_SIGN_STYLE = Automatic;
				CURRENT_PROJECT_VERSION = 1;
				DEVELOPMENT_ASSET_PATHS = "\"TeamOXY/Preview Content\"";
				DEVELOPMENT_TEAM = G3PA8G576S;
				ENABLE_PREVIEWS = YES;
				GENERATE_INFOPLIST_FILE = YES;
				INFOPLIST_FILE = TeamOXY/Info.plist;
				INFOPLIST_KEY_UIApplicationSceneManifest_Generation = YES;
				INFOPLIST_KEY_UIApplicationSupportsIndirectInputEvents = YES;
				INFOPLIST_KEY_UILaunchScreen_Generation = YES;
				INFOPLIST_KEY_UISupportedInterfaceOrientations_iPad = "UIInterfaceOrientationPortrait UIInterfaceOrientationPortraitUpsideDown UIInterfaceOrientationLandscapeLeft UIInterfaceOrientationLandscapeRight";
				INFOPLIST_KEY_UISupportedInterfaceOrientations_iPhone = "UIInterfaceOrientationPortrait UIInterfaceOrientationLandscapeLeft UIInterfaceOrientationLandscapeRight";
				LD_RUNPATH_SEARCH_PATHS = (
					"$(inherited)",
					"@executable_path/Frameworks",
				);
				MARKETING_VERSION = 1.0;
				PRODUCT_BUNDLE_IDENTIFIER = com.ekko.TeamOXY;
				PRODUCT_NAME = "$(TARGET_NAME)";
				SWIFT_EMIT_LOC_STRINGS = YES;
				SWIFT_VERSION = 5.0;
				TARGETED_DEVICE_FAMILY = "1,2";
			};
			name = Release;
		};
/* End XCBuildConfiguration section */

/* Begin XCConfigurationList section */
		F2D707AF2849BA6C00DA86FD /* Build configuration list for PBXProject "TeamOXY" */ = {
			isa = XCConfigurationList;
			buildConfigurations = (
				F2D707C02849BA6D00DA86FD /* Debug */,
				F2D707C12849BA6D00DA86FD /* Release */,
			);
			defaultConfigurationIsVisible = 0;
			defaultConfigurationName = Release;
		};
		F2D707C22849BA6D00DA86FD /* Build configuration list for PBXNativeTarget "TeamOXY" */ = {
			isa = XCConfigurationList;
			buildConfigurations = (
				F2D707C32849BA6D00DA86FD /* Debug */,
				F2D707C42849BA6D00DA86FD /* Release */,
			);
			defaultConfigurationIsVisible = 0;
			defaultConfigurationName = Release;
		};
/* End XCConfigurationList section */
	};
	rootObject = F2D707AC2849BA6C00DA86FD /* Project object */;
}
